
Microsoft Visual Studio Solution File, Format Version 12.00
# Visual Studio Version 17
VisualStudioVersion = 17.5.002.0
MinimumVisualStudioVersion = 10.0.40219.1
Project("{9A19103F-16F7-4668-BE54-9A1E7A4F7556}") = "Week 1 Assignment_ticket", "Week 1 Assignment_ticket.csproj", "{A9BDAF41-907C-43CA-9AE2-890092DB0BFA}"
EndProject
Global
	GlobalSection(SolutionConfigurationPlatforms) = preSolution
		Debug|Any CPU = Debug|Any CPU
		Release|Any CPU = Release|Any CPU
	EndGlobalSection
	GlobalSection(ProjectConfigurationPlatforms) = postSolution
		{A9BDAF41-907C-43CA-9AE2-890092DB0BFA}.Debug|Any CPU.ActiveCfg = Debug|Any CPU
		{A9BDAF41-907C-43CA-9AE2-890092DB0BFA}.Debug|Any CPU.Build.0 = Debug|Any CPU
		{A9BDAF41-907C-43CA-9AE2-890092DB0BFA}.Release|Any CPU.ActiveCfg = Release|Any CPU
		{A9BDAF41-907C-43CA-9AE2-890092DB0BFA}.Release|Any CPU.Build.0 = Release|Any CPU
	EndGlobalSection
	GlobalSection(SolutionProperties) = preSolution
		HideSolutionNode = FALSE
	EndGlobalSection
	GlobalSection(ExtensibilityGlobals) = postSolution
		SolutionGuid = {D99A7605-A577-4A36-ADF9-978D466975C2}
	EndGlobalSection
EndGlobal
